
Microsoft Visual Studio Solution File, Format Version 12.00
# Visual Studio Version 17
VisualStudioVersion = 17.11.35327.3
MinimumVisualStudioVersion = 10.0.40219.1
Project("{9A19103F-16F7-4668-BE54-9A1E7A4F7556}") = "MovieXprt.Application", "MovieXprt.Application\MovieXprt.Application.csproj", "{749E0EC0-B060-4428-A88D-F347CF21F222}"
EndProject
Project("{9A19103F-16F7-4668-BE54-9A1E7A4F7556}") = "Api", "Api\Api.csproj", "{A07166DD-6F5D-486B-8C36-CE578E8E9382}"
EndProject
Project("{9A19103F-16F7-4668-BE54-9A1E7A4F7556}") = "MovieXprt.Indexer", "MovieXprt.Indexer\MovieXprt.Indexer.csproj", "{AC67FA3E-A9DF-4BFE-A81D-C23D2B925EC6}"
EndProject
Project("{9A19103F-16F7-4668-BE54-9A1E7A4F7556}") = "MovieXprt.Domain", "MovieXprt.Domain\MovieXprt.Domain.csproj", "{F05BCE2F-0ECB-41E2-AD28-6E1C5C9A8074}"
EndProject
Project("{9A19103F-16F7-4668-BE54-9A1E7A4F7556}") = "MovieXprt.Infrastructure.TvMazeClient", "MovieXprt.Infrastructure.TvMazeClient\MovieXprt.Infrastructure.TvMazeClient.csproj", "{E8A1B6C1-D2AA-4F59-8063-25D5807054E6}"
EndProject
Project("{9A19103F-16F7-4668-BE54-9A1E7A4F7556}") = "MovieXprt.Infrastructure.DataStore", "MovieXprt.Infrastructure.DataStore\MovieXprt.Infrastructure.DataStore.csproj", "{7F9F7727-B63D-49C8-AB07-19DEEF6151D5}"
EndProject
Project("{FAE04EC0-301F-11D3-BF4B-00C04F79EFBC}") = "MovieXprt.Infrastructure.Database", "MovieXprt.Infrastructure.Database\MovieXprt.Infrastructure.Database.csproj", "{C475B6A6-4D08-44E5-83A6-A8B0EDF7D49C}"
EndProject
Global
	GlobalSection(SolutionConfigurationPlatforms) = preSolution
		Debug|Any CPU = Debug|Any CPU
		Release|Any CPU = Release|Any CPU
	EndGlobalSection
	GlobalSection(ProjectConfigurationPlatforms) = postSolution
		{749E0EC0-B060-4428-A88D-F347CF21F222}.Debug|Any CPU.ActiveCfg = Debug|Any CPU
		{749E0EC0-B060-4428-A88D-F347CF21F222}.Debug|Any CPU.Build.0 = Debug|Any CPU
		{749E0EC0-B060-4428-A88D-F347CF21F222}.Release|Any CPU.ActiveCfg = Release|Any CPU
		{749E0EC0-B060-4428-A88D-F347CF21F222}.Release|Any CPU.Build.0 = Release|Any CPU
		{A07166DD-6F5D-486B-8C36-CE578E8E9382}.Debug|Any CPU.ActiveCfg = Debug|Any CPU
		{A07166DD-6F5D-486B-8C36-CE578E8E9382}.Debug|Any CPU.Build.0 = Debug|Any CPU
		{A07166DD-6F5D-486B-8C36-CE578E8E9382}.Release|Any CPU.ActiveCfg = Release|Any CPU
		{A07166DD-6F5D-486B-8C36-CE578E8E9382}.Release|Any CPU.Build.0 = Release|Any CPU
		{AC67FA3E-A9DF-4BFE-A81D-C23D2B925EC6}.Debug|Any CPU.ActiveCfg = Debug|Any CPU
		{AC67FA3E-A9DF-4BFE-A81D-C23D2B925EC6}.Debug|Any CPU.Build.0 = Debug|Any CPU
		{AC67FA3E-A9DF-4BFE-A81D-C23D2B925EC6}.Release|Any CPU.ActiveCfg = Release|Any CPU
		{AC67FA3E-A9DF-4BFE-A81D-C23D2B925EC6}.Release|Any CPU.Build.0 = Release|Any CPU
		{F05BCE2F-0ECB-41E2-AD28-6E1C5C9A8074}.Debug|Any CPU.ActiveCfg = Debug|Any CPU
		{F05BCE2F-0ECB-41E2-AD28-6E1C5C9A8074}.Debug|Any CPU.Build.0 = Debug|Any CPU
		{F05BCE2F-0ECB-41E2-AD28-6E1C5C9A8074}.Release|Any CPU.ActiveCfg = Release|Any CPU
		{F05BCE2F-0ECB-41E2-AD28-6E1C5C9A8074}.Release|Any CPU.Build.0 = Release|Any CPU
		{E8A1B6C1-D2AA-4F59-8063-25D5807054E6}.Debug|Any CPU.ActiveCfg = Debug|Any CPU
		{E8A1B6C1-D2AA-4F59-8063-25D5807054E6}.Debug|Any CPU.Build.0 = Debug|Any CPU
		{E8A1B6C1-D2AA-4F59-8063-25D5807054E6}.Release|Any CPU.ActiveCfg = Release|Any CPU
		{E8A1B6C1-D2AA-4F59-8063-25D5807054E6}.Release|Any CPU.Build.0 = Release|Any CPU
		{7F9F7727-B63D-49C8-AB07-19DEEF6151D5}.Debug|Any CPU.ActiveCfg = Debug|Any CPU
		{7F9F7727-B63D-49C8-AB07-19DEEF6151D5}.Debug|Any CPU.Build.0 = Debug|Any CPU
		{7F9F7727-B63D-49C8-AB07-19DEEF6151D5}.Release|Any CPU.ActiveCfg = Release|Any CPU
		{7F9F7727-B63D-49C8-AB07-19DEEF6151D5}.Release|Any CPU.Build.0 = Release|Any CPU
		{C475B6A6-4D08-44E5-83A6-A8B0EDF7D49C}.Debug|Any CPU.ActiveCfg = Debug|Any CPU
		{C475B6A6-4D08-44E5-83A6-A8B0EDF7D49C}.Debug|Any CPU.Build.0 = Debug|Any CPU
		{C475B6A6-4D08-44E5-83A6-A8B0EDF7D49C}.Release|Any CPU.ActiveCfg = Release|Any CPU
		{C475B6A6-4D08-44E5-83A6-A8B0EDF7D49C}.Release|Any CPU.Build.0 = Release|Any CPU
	EndGlobalSection
	GlobalSection(SolutionProperties) = preSolution
		HideSolutionNode = FALSE
	EndGlobalSection
	GlobalSection(ExtensibilityGlobals) = postSolution
		SolutionGuid = {C0FECF9E-EE59-424D-8099-3C7568F11936}
	EndGlobalSection
EndGlobal
